// !$*UTF8*$!
{
	archiveVersion = 1;
	classes = {
	};
	objectVersion = 77;
	objects = {

/* Begin PBXBuildFile section */
		3959E8A19BCE2EBB3435721B /* ZIPFoundation in Frameworks */ = {isa = PBXBuildFile; productRef = 340761E66F24C26A57C2A6F6 /* ZIPFoundation */; };
		5A0000000000000000000003 /* Sparkle in Frameworks */ = {isa = PBXBuildFile; productRef = 5A0000000000000000000002 /* Sparkle */; };
		74B6C80F2FD0B0DF0025AB94 /* DxfPreviewer.appex in Embed App Extensions */ = {isa = PBXBuildFile; fileRef = 74B6C8012FD0B0DF0025AB94 /* DxfPreviewer.appex */; settings = {ATTRIBUTES = (RemoveHeadersOnCopy, ); }; };
		74B7C80F2FD0B0DF0025AB94 /* PathstitchThumbnail.appex in Embed App Extensions */ = {isa = PBXBuildFile; fileRef = 74B7C8012FD0B0DF0025AB94 /* PathstitchThumbnail.appex */; settings = {ATTRIBUTES = (RemoveHeadersOnCopy, ); }; };
		74FEA97D2FD2EDA10066B988 /* (null) in Frameworks */ = {isa = PBXBuildFile; };
		74FEA97E2FD2EDA10066B988 /* ZIPFoundation in Frameworks */ = {isa = PBXBuildFile; productRef = 340761E66F24C26A57C2A6F6 /* ZIPFoundation */; };
		74FEA97F2FD2EDA10066B988 /* (null) in Frameworks */ = {isa = PBXBuildFile; };
		74FEA9802FD2EDA10066B988 /* ZIPFoundation in Frameworks */ = {isa = PBXBuildFile; productRef = 340761E66F24C26A57C2A6F6 /* ZIPFoundation */; };
		74FEA9A02FD2EDA10066B988 /* ZIPFoundation in Frameworks */ = {isa = PBXBuildFile; productRef = 340761E66F24C26A57C2A6F6 /* ZIPFoundation */; };
/* End PBXBuildFile section */

/* Begin PBXContainerItemProxy section */
		74B6C80C2FD0B0DF0025AB94 /* PBXContainerItemProxy */ = {
			isa = PBXContainerItemProxy;
			containerPortal = 74B6C7D42FD0B0DF0025AB94 /* Project object */;
			proxyType = 1;
			remoteGlobalIDString = 74B6C8002FD0B0DF0025AB94;
			remoteInfo = DxfPreviewer;
		};
		74B7C80C2FD0B0DF0025AB94 /* PBXContainerItemProxy */ = {
			isa = PBXContainerItemProxy;
			containerPortal = 74B6C7D42FD0B0DF0025AB94 /* Project object */;
			proxyType = 1;
			remoteGlobalIDString = 74B7C8002FD0B0DF0025AB94;
			remoteInfo = PathstitchThumbnail;
		};
/* End PBXContainerItemProxy section */

/* Begin PBXCopyFilesBuildPhase section */
		74B6C7EC2FD0B15E0025AB94 /* CopyFiles */ = {
			isa = PBXCopyFilesBuildPhase;
			buildActionMask = 2147483647;
			dstPath = /usr/share/man/man1/;
			dstSubfolderSpec = 0;
			files = (
			);
			runOnlyForDeploymentPostprocessing = 1;
		};
		74B6C80E2FD0B0DF0025AB94 /* Embed App Extensions */ = {
			isa = PBXCopyFilesBuildPhase;
			buildActionMask = 2147483647;
			dstPath = "";
			dstSubfolderSpec = 13;
			files = (
				74B6C80F2FD0B0DF0025AB94 /* DxfPreviewer.appex in Embed App Extensions */,
				74B7C80F2FD0B0DF0025AB94 /* PathstitchThumbnail.appex in Embed App Extensions */,
			);
			name = "Embed App Extensions";
			runOnlyForDeploymentPostprocessing = 0;
		};
/* End PBXCopyFilesBuildPhase section */

/* Begin PBXFileReference section */
		74B6C7DC2FD0B0DF0025AB94 /* Pathstitch.app */ = {isa = PBXFileReference; explicitFileType = wrapper.application; includeInIndex = 0; path = Pathstitch.app; sourceTree = BUILT_PRODUCTS_DIR; };
		74B6C7EE2FD0B15E0025AB94 /* PathstitchCLITest */ = {isa = PBXFileReference; explicitFileType = "compiled.mach-o.executable"; includeInIndex = 0; path = PathstitchCLITest; sourceTree = BUILT_PRODUCTS_DIR; };
		74B6C8012FD0B0DF0025AB94 /* DxfPreviewer.appex */ = {isa = PBXFileReference; explicitFileType = "wrapper.app-extension"; includeInIndex = 0; path = DxfPreviewer.appex; sourceTree = BUILT_PRODUCTS_DIR; };
		74B7C8012FD0B0DF0025AB94 /* PathstitchThumbnail.appex */ = {isa = PBXFileReference; explicitFileType = "wrapper.app-extension"; includeInIndex = 0; path = PathstitchThumbnail.appex; sourceTree = BUILT_PRODUCTS_DIR; };
/* End PBXFileReference section */

/* Begin PBXFileSystemSynchronizedRootGroup section */
		74B6C7DE2FD0B0DF0025AB94 /* Pathstitch */ = {
			isa = PBXFileSystemSynchronizedRootGroup;
			path = Pathstitch;
			sourceTree = "<group>";
		};
		74B6C7EF2FD0B15E0025AB94 /* PathstitchCLITest */ = {
			isa = PBXFileSystemSynchronizedRootGroup;
			path = PathstitchCLITest;
			sourceTree = "<group>";
		};
		74B6C8022FD0B0DF0025AB94 /* DxfPreviewer */ = {
			isa = PBXFileSystemSynchronizedRootGroup;
			path = DxfPreviewer;
			sourceTree = "<group>";
		};
		74B7C8022FD0B0DF0025AB94 /* PathstitchThumbnail */ = {
			isa = PBXFileSystemSynchronizedRootGroup;
			path = PathstitchThumbnail;
			sourceTree = "<group>";
		};
/* End PBXFileSystemSynchronizedRootGroup section */

/* Begin PBXFrameworksBuildPhase section */
		74B6C7D92FD0B0DF0025AB94 /* Frameworks */ = {
			isa = PBXFrameworksBuildPhase;
			buildActionMask = 2147483647;
			files = (
				3959E8A19BCE2EBB3435721B /* ZIPFoundation in Frameworks */,
				5A0000000000000000000003 /* Sparkle in Frameworks */,
			);
			runOnlyForDeploymentPostprocessing = 0;
		};
		74B6C7EB2FD0B15E0025AB94 /* Frameworks */ = {
			isa = PBXFrameworksBuildPhase;
			buildActionMask = 2147483647;
			files = (
				74FEA97D2FD2EDA10066B988 /* (null) in Frameworks */,
				74FEA97E2FD2EDA10066B988 /* ZIPFoundation in Frameworks */,
			);
			runOnlyForDeploymentPostprocessing = 0;
		};
		74B6C8082FD0B0DF0025AB94 /* Frameworks */ = {
			isa = PBXFrameworksBuildPhase;
			buildActionMask = 2147483647;
			files = (
				74FEA9A02FD2EDA10066B988 /* ZIPFoundation in Frameworks */,
			);
			runOnlyForDeploymentPostprocessing = 0;
		};
		74B7C8082FD0B0DF0025AB94 /* Frameworks */ = {
			isa = PBXFrameworksBuildPhase;
			buildActionMask = 2147483647;
			files = (
				74FEA97F2FD2EDA10066B988 /* (null) in Frameworks */,
				74FEA9802FD2EDA10066B988 /* ZIPFoundation in Frameworks */,
			);
			runOnlyForDeploymentPostprocessing = 0;
		};
/* End PBXFrameworksBuildPhase section */

/* Begin PBXGroup section */
		74B6C7D32FD0B0DF0025AB94 = {
			isa = PBXGroup;
			children = (
				74B6C7DE2FD0B0DF0025AB94 /* Pathstitch */,
				74B6C8022FD0B0DF0025AB94 /* DxfPreviewer */,
				74B7C8022FD0B0DF0025AB94 /* PathstitchThumbnail */,
				74B6C7EF2FD0B15E0025AB94 /* PathstitchCLITest */,
				74B6C7DD2FD0B0DF0025AB94 /* Products */,
			);
			sourceTree = "<group>";
		};
		74B6C7DD2FD0B0DF0025AB94 /* Products */ = {
			isa = PBXGroup;
			children = (
				74B6C7DC2FD0B0DF0025AB94 /* Pathstitch.app */,
				74B6C8012FD0B0DF0025AB94 /* DxfPreviewer.appex */,
				74B7C8012FD0B0DF0025AB94 /* PathstitchThumbnail.appex */,
				74B6C7EE2FD0B15E0025AB94 /* PathstitchCLITest */,
			);
			name = Products;
			sourceTree = "<group>";
		};
/* End PBXGroup section */

/* Begin PBXNativeTarget section */
		74B6C7DB2FD0B0DF0025AB94 /* Pathstitch */ = {
			isa = PBXNativeTarget;
			buildConfigurationList = 74B6C7E72FD0B0E00025AB94 /* Build configuration list for PBXNativeTarget "Pathstitch" */;
			buildPhases = (
				74B6C7D82FD0B0DF0025AB94 /* Sources */,
				74B6C7D92FD0B0DF0025AB94 /* Frameworks */,
				74B6C7DA2FD0B0DF0025AB94 /* Resources */,
				74B6C80E2FD0B0DF0025AB94 /* Embed App Extensions */,
			);
			buildRules = (
			);
			dependencies = (
			);
			fileSystemSynchronizedGroups = (
				74B6C7DE2FD0B0DF0025AB94 /* Pathstitch */,
				74B6C8022FD0B0DF0025AB94 /* DxfPreviewer */,
			);
			name = Pathstitch;
			packageProductDependencies = (
				340761E66F24C26A57C2A6F6 /* ZIPFoundation */,
				5A0000000000000000000002 /* Sparkle */,
			);
			productName = Pathstitch;
			productReference = 74B6C7DC2FD0B0DF0025AB94 /* Pathstitch.app */;
			productType = "com.apple.product-type.application";
		};
		74B6C7ED2FD0B15E0025AB94 /* PathstitchCLITest */ = {
			isa = PBXNativeTarget;
			buildConfigurationList = 74B6C7F22FD0B15E0025AB94 /* Build configuration list for PBXNativeTarget "PathstitchCLITest" */;
			buildPhases = (
				74B6C7EA2FD0B15E0025AB94 /* Sources */,
				74B6C7EB2FD0B15E0025AB94 /* Frameworks */,
				74B6C7EC2FD0B15E0025AB94 /* CopyFiles */,
			);
			buildRules = (
			);
			dependencies = (
			);
			fileSystemSynchronizedGroups = (
				74B6C7EF2FD0B15E0025AB94 /* PathstitchCLITest */,
			);
			name = PathstitchCLITest;
			packageProductDependencies = (
				340761E66F24C26A57C2A6F6 /* ZIPFoundation */,
			);
			productName = PathstitchCLITest;
			productReference = 74B6C7EE2FD0B15E0025AB94 /* PathstitchCLITest */;
			productType = "com.apple.product-type.tool";
		};
		74B6C8002FD0B0DF0025AB94 /* DxfPreviewer */ = {
			isa = PBXNativeTarget;
			buildConfigurationList = 74B6C8122FD0B0DF0025AB94 /* Build configuration list for PBXNativeTarget "DxfPreviewer" */;
			buildPhases = (
				74B6C8072FD0B0DF0025AB94 /* Sources */,
				74B6C8082FD0B0DF0025AB94 /* Frameworks */,
				74B6C80A2FD0B0DF0025AB94 /* Resources */,
			);
			buildRules = (
			);
			dependencies = (
				74B6C80D2FD0B0DF0025AB94 /* PBXTargetDependency */,
			);
			fileSystemSynchronizedGroups = (
				74B6C8022FD0B0DF0025AB94 /* DxfPreviewer */,
			);
			name = DxfPreviewer;
			packageProductDependencies = (
				340761E66F24C26A57C2A6F6 /* ZIPFoundation */,
			);
			productName = DxfPreviewer;
			productReference = 74B6C8012FD0B0DF0025AB94 /* DxfPreviewer.appex */;
			productType = "com.apple.product-type.app-extension";
		};
		74B7C8002FD0B0DF0025AB94 /* PathstitchThumbnail */ = {
			isa = PBXNativeTarget;
			buildConfigurationList = 74B7C8122FD0B0DF0025AB94 /* Build configuration list for PBXNativeTarget "PathstitchThumbnail" */;
			buildPhases = (
				74B7C8072FD0B0DF0025AB94 /* Sources */,
				74B7C8082FD0B0DF0025AB94 /* Frameworks */,
				74B7C80A2FD0B0DF0025AB94 /* Resources */,
			);
			buildRules = (
			);
			dependencies = (
				74B7C80D2FD0B0DF0025AB94 /* PBXTargetDependency */,
			);
			fileSystemSynchronizedGroups = (
				74B7C8022FD0B0DF0025AB94 /* PathstitchThumbnail */,
			);
			name = PathstitchThumbnail;
			packageProductDependencies = (
				340761E66F24C26A57C2A6F6 /* ZIPFoundation */,
			);
			productName = PathstitchThumbnail;
			productReference = 74B7C8012FD0B0DF0025AB94 /* PathstitchThumbnail.appex */;
			productType = "com.apple.product-type.app-extension";
		};
/* End PBXNativeTarget section */

/* Begin PBXProject section */
		74B6C7D42FD0B0DF0025AB94 /* Project object */ = {
			isa = PBXProject;
			attributes = {
				BuildIndependentTargetsInParallel = 1;
				LastSwiftUpdateCheck = 2650;
				LastUpgradeCheck = 2650;
				TargetAttributes = {
					74B6C7DB2FD0B0DF0025AB94 = {
						CreatedOnToolsVersion = 26.5;
					};
					74B6C7ED2FD0B15E0025AB94 = {
						CreatedOnToolsVersion = 26.5;
					};
					74B6C8002FD0B0DF0025AB94 = {
						CreatedOnToolsVersion = 26.5;
					};
					74B7C8002FD0B0DF0025AB94 = {
						CreatedOnToolsVersion = 26.5;
					};
				};
			};
			buildConfigurationList = 74B6C7D72FD0B0DF0025AB94 /* Build configuration list for PBXProject "Pathstitch" */;
			developmentRegion = en;
			hasScannedForEncodings = 0;
			knownRegions = (
				en,
				Base,
			);
			mainGroup = 74B6C7D32FD0B0DF0025AB94;
			minimizedProjectReferenceProxies = 1;
			packageReferences = (
				B95E5C74840F45C3649B2D61 /* XCRemoteSwiftPackageReference "ZIPFoundation" */,
				5A0000000000000000000001 /* XCRemoteSwiftPackageReference "Sparkle" */,
			);
			preferredProjectObjectVersion = 77;
			productRefGroup = 74B6C7DD2FD0B0DF0025AB94 /* Products */;
			projectDirPath = "";
			projectRoot = "";
			targets = (
				74B6C7DB2FD0B0DF0025AB94 /* Pathstitch */,
				74B6C7ED2FD0B15E0025AB94 /* PathstitchCLITest */,
				74B6C8002FD0B0DF0025AB94 /* DxfPreviewer */,
				74B7C8002FD0B0DF0025AB94 /* PathstitchThumbnail */,
			);
		};
/* End PBXProject section */

/* Begin PBXResourcesBuildPhase section */
		74B6C7DA2FD0B0DF0025AB94 /* Resources */ = {
			isa = PBXResourcesBuildPhase;
			buildActionMask = 2147483647;
			files = (
			);
			runOnlyForDeploymentPostprocessing = 0;
		};
		74B6C80A2FD0B0DF0025AB94 /* Resources */ = {
			isa = PBXResourcesBuildPhase;
			buildActionMask = 2147483647;
			files = (
			);
			runOnlyForDeploymentPostprocessing = 0;
		};
		74B7C80A2FD0B0DF0025AB94 /* Resources */ = {
			isa = PBXResourcesBuildPhase;
			buildActionMask = 2147483647;
			files = (
			);
			runOnlyForDeploymentPostprocessing = 0;
		};
/* End PBXResourcesBuildPhase section */

/* Begin PBXSourcesBuildPhase section */
		74B6C7D82FD0B0DF0025AB94 /* Sources */ = {
			isa = PBXSourcesBuildPhase;
			buildActionMask = 2147483647;
			files = (
			);
			runOnlyForDeploymentPostprocessing = 0;
		};
		74B6C7EA2FD0B15E0025AB94 /* Sources */ = {
			isa = PBXSourcesBuildPhase;
			buildActionMask = 2147483647;
			files = (
			);
			runOnlyForDeploymentPostprocessing = 0;
		};
		74B6C8072FD0B0DF0025AB94 /* Sources */ = {
			isa = PBXSourcesBuildPhase;
			buildActionMask = 2147483647;
			files = (
			);
			runOnlyForDeploymentPostprocessing = 0;
		};
		74B7C8072FD0B0DF0025AB94 /* Sources */ = {
			isa = PBXSourcesBuildPhase;
			buildActionMask = 2147483647;
			files = (
			);
			runOnlyForDeploymentPostprocessing = 0;
		};
/* End PBXSourcesBuildPhase section */

/* Begin PBXTargetDependency section */
		74B6C80D2FD0B0DF0025AB94 /* PBXTargetDependency */ = {
			isa = PBXTargetDependency;
			target = 74B6C8002FD0B0DF0025AB94 /* DxfPreviewer */;
			targetProxy = 74B6C80C2FD0B0DF0025AB94 /* PBXContainerItemProxy */;
		};
		74B7C80D2FD0B0DF0025AB94 /* PBXTargetDependency */ = {
			isa = PBXTargetDependency;
			target = 74B7C8002FD0B0DF0025AB94 /* PathstitchThumbnail */;
			targetProxy = 74B7C80C2FD0B0DF0025AB94 /* PBXContainerItemProxy */;
		};
/* End PBXTargetDependency section */

/* Begin XCBuildConfiguration section */
		74B6C7E52FD0B0E00025AB94 /* Debug */ = {
			isa = XCBuildConfiguration;
			buildSettings = {
				ALWAYS_SEARCH_USER_PATHS = NO;
				ASSETCATALOG_COMPILER_GENERATE_SWIFT_ASSET_SYMBOL_EXTENSIONS = YES;
				CLANG_ANALYZER_NONNULL = YES;
				CLANG_ANALYZER_NUMBER_OBJECT_CONVERSION = YES_AGGRESSIVE;
				CLANG_CXX_LANGUAGE_STANDARD = "gnu++20";
				CLANG_ENABLE_MODULES = YES;
				CLANG_ENABLE_OBJC_ARC = YES;
				CLANG_ENABLE_OBJC_WEAK = YES;
				CLANG_WARN_BLOCK_CAPTURE_AUTORELEASING = YES;
				CLANG_WARN_BOOL_CONVERSION = YES;
				CLANG_WARN_COMMA = YES;
				CLANG_WARN_CONSTANT_CONVERSION = YES;
				CLANG_WARN_DEPRECATED_OBJC_IMPLEMENTATIONS = YES;
				CLANG_WARN_DIRECT_OBJC_ISA_USAGE = YES_ERROR;
				CLANG_WARN_DOCUMENTATION_COMMENTS = YES;
				CLANG_WARN_EMPTY_BODY = YES;
				CLANG_WARN_ENUM_CONVERSION = YES;
				CLANG_WARN_INFINITE_RECURSION = YES;
				CLANG_WARN_INT_CONVERSION = YES;
				CLANG_WARN_NON_LITERAL_NULL_CONVERSION = YES;
				CLANG_WARN_OBJC_IMPLICIT_RETAIN_SELF = YES;
				CLANG_WARN_OBJC_LITERAL_CONVERSION = YES;
				CLANG_WARN_OBJC_ROOT_CLASS = YES_ERROR;
				CLANG_WARN_QUOTED_INCLUDE_IN_FRAMEWORK_HEADER = YES;
				CLANG_WARN_RANGE_LOOP_ANALYSIS = YES;
				CLANG_WARN_STRICT_PROTOTYPES = YES;
				CLANG_WARN_SUSPICIOUS_MOVE = YES;
				CLANG_WARN_UNGUARDED_AVAILABILITY = YES_AGGRESSIVE;
				CLANG_WARN_UNREACHABLE_CODE = YES;
				CLANG_WARN__DUPLICATE_METHOD_MATCH = YES;
				COPY_PHASE_STRIP = NO;
				DEBUG_INFORMATION_FORMAT = dwarf;
				ENABLE_STRICT_OBJC_MSGSEND = YES;
				ENABLE_TESTABILITY = YES;
				ENABLE_USER_SCRIPT_SANDBOXING = YES;
				GCC_C_LANGUAGE_STANDARD = gnu17;
				GCC_DYNAMIC_NO_PIC = NO;
				GCC_NO_COMMON_BLOCKS = YES;
				GCC_OPTIMIZATION_LEVEL = 0;
				GCC_PREPROCESSOR_DEFINITIONS = (
					"DEBUG=1",
					"$(inherited)",
				);
				GCC_WARN_64_TO_32_BIT_CONVERSION = YES;
				GCC_WARN_ABOUT_RETURN_TYPE = YES_ERROR;
				GCC_WARN_UNDECLARED_SELECTOR = YES;
				GCC_WARN_UNINITIALIZED_AUTOS = YES_AGGRESSIVE;
				GCC_WARN_UNUSED_FUNCTION = YES;
				GCC_WARN_UNUSED_VARIABLE = YES;
				LOCALIZATION_PREFERS_STRING_CATALOGS = YES;
				MACOSX_DEPLOYMENT_TARGET = 14.0;
				MTL_ENABLE_DEBUG_INFO = INCLUDE_SOURCE;
				MTL_FAST_MATH = YES;
				ONLY_ACTIVE_ARCH = YES;
				SDKROOT = macosx;
				SWIFT_ACTIVE_COMPILATION_CONDITIONS = "DEBUG $(inherited)";
				SWIFT_OPTIMIZATION_LEVEL = "-Onone";
			};
			name = Debug;
		};
		74B6C7E62FD0B0E00025AB94 /* Release */ = {
			isa = XCBuildConfiguration;
			buildSettings = {
				ALWAYS_SEARCH_USER_PATHS = NO;
				ASSETCATALOG_COMPILER_GENERATE_SWIFT_ASSET_SYMBOL_EXTENSIONS = YES;
				CLANG_ANALYZER_NONNULL = YES;
				CLANG_ANALYZER_NUMBER_OBJECT_CONVERSION = YES_AGGRESSIVE;
				CLANG_CXX_LANGUAGE_STANDARD = "gnu++20";
				CLANG_ENABLE_MODULES = YES;
				CLANG_ENABLE_OBJC_ARC = YES;
				CLANG_ENABLE_OBJC_WEAK = YES;
				CLANG_WARN_BLOCK_CAPTURE_AUTORELEASING = YES;
				CLANG_WARN_BOOL_CONVERSION = YES;
				CLANG_WARN_COMMA = YES;
				CLANG_WARN_CONSTANT_CONVERSION = YES;
				CLANG_WARN_DEPRECATED_OBJC_IMPLEMENTATIONS = YES;
				CLANG_WARN_DIRECT_OBJC_ISA_USAGE = YES_ERROR;
				CLANG_WARN_DOCUMENTATION_COMMENTS = YES;
				CLANG_WARN_EMPTY_BODY = YES;
				CLANG_WARN_ENUM_CONVERSION = YES;
				CLANG_WARN_INFINITE_RECURSION = YES;
				CLANG_WARN_INT_CONVERSION = YES;
				CLANG_WARN_NON_LITERAL_NULL_CONVERSION = YES;
				CLANG_WARN_OBJC_IMPLICIT_RETAIN_SELF = YES;
				CLANG_WARN_OBJC_LITERAL_CONVERSION = YES;
				CLANG_WARN_OBJC_ROOT_CLASS = YES_ERROR;
				CLANG_WARN_QUOTED_INCLUDE_IN_FRAMEWORK_HEADER = YES;
				CLANG_WARN_RANGE_LOOP_ANALYSIS = YES;
				CLANG_WARN_STRICT_PROTOTYPES = YES;
				CLANG_WARN_SUSPICIOUS_MOVE = YES;
				CLANG_WARN_UNGUARDED_AVAILABILITY = YES_AGGRESSIVE;
				CLANG_WARN_UNREACHABLE_CODE = YES;
				CLANG_WARN__DUPLICATE_METHOD_MATCH = YES;
				COPY_PHASE_STRIP = NO;
				DEBUG_INFORMATION_FORMAT = "dwarf-with-dsym";
				ENABLE_NS_ASSERTIONS = NO;
				ENABLE_STRICT_OBJC_MSGSEND = YES;
				ENABLE_USER_SCRIPT_SANDBOXING = YES;
				GCC_C_LANGUAGE_STANDARD = gnu17;
				GCC_NO_COMMON_BLOCKS = YES;
				GCC_WARN_64_TO_32_BIT_CONVERSION = YES;
				GCC_WARN_ABOUT_RETURN_TYPE = YES_ERROR;
				GCC_WARN_UNDECLARED_SELECTOR = YES;
				GCC_WARN_UNINITIALIZED_AUTOS = YES_AGGRESSIVE;
				GCC_WARN_UNUSED_FUNCTION = YES;
				GCC_WARN_UNUSED_VARIABLE = YES;
				LOCALIZATION_PREFERS_STRING_CATALOGS = YES;
				MACOSX_DEPLOYMENT_TARGET = 14.0;
				MTL_ENABLE_DEBUG_INFO = NO;
				MTL_FAST_MATH = YES;
				SDKROOT = macosx;
				SWIFT_COMPILATION_MODE = wholemodule;
			};
			name = Release;
		};
		74B6C7E82FD0B0E00025AB94 /* Debug */ = {
			isa = XCBuildConfiguration;
			buildSettings = {
				LIBRARY_SEARCH_PATHS = (
					"$(inherited)",
					"$(SRCROOT)/../native/step_mesh/lib",
				);
				OTHER_LDFLAGS = (
					"$(inherited)",
					"-lstep_mesh",
				);
				SWIFT_OBJC_BRIDGING_HEADER = "$(SRCROOT)/../native/step_mesh/include/StepMesh-Bridging.h";
				ASSETCATALOG_COMPILER_APPICON_NAME = AppIcon;
				ASSETCATALOG_COMPILER_GLOBAL_ACCENT_COLOR_NAME = AccentColor;
				CODE_SIGN_STYLE = Automatic;
				COMBINE_HIDPI_IMAGES = YES;
				CURRENT_PROJECT_VERSION = 1;
				ENABLE_APP_SANDBOX = NO;
				ENABLE_PREVIEWS = YES;
				ENABLE_USER_SELECTED_FILES = readonly;
				EXCLUDED_SOURCE_FILE_NAMES = (
					"*Info.plist",
					"*.entitlements",
				);
				GENERATE_INFOPLIST_FILE = NO;
				INFOPLIST_FILE = Pathstitch/Info.plist;
				INFOPLIST_KEY_NSHumanReadableCopyright = "";
				LD_RUNPATH_SEARCH_PATHS = (
					"$(inherited)",
					"@executable_path/../Frameworks",
				);
				MACOSX_DEPLOYMENT_TARGET = 14.0;
				MARKETING_VERSION = 1.0;
				PRODUCT_BUNDLE_IDENTIFIER = com.chen.Pathstitch;
				PRODUCT_NAME = "$(TARGET_NAME)";
				REGISTER_APP_GROUPS = YES;
				STRING_CATALOG_GENERATE_SYMBOLS = YES;
				SWIFT_APPROACHABLE_CONCURRENCY = YES;
				SWIFT_DEFAULT_ACTOR_ISOLATION = MainActor;
				SWIFT_EMIT_LOC_STRINGS = YES;
				SWIFT_UPCOMING_FEATURE_MEMBER_IMPORT_VISIBILITY = YES;
				SWIFT_VERSION = 5.0;
			};
			name = Debug;
		};
		74B6C7E92FD0B0E00025AB94 /* Release */ = {
			isa = XCBuildConfiguration;
			buildSettings = {
				LIBRARY_SEARCH_PATHS = (
					"$(inherited)",
					"$(SRCROOT)/../native/step_mesh/lib",
				);
				OTHER_LDFLAGS = (
					"$(inherited)",
					"-lstep_mesh",
				);
				SWIFT_OBJC_BRIDGING_HEADER = "$(SRCROOT)/../native/step_mesh/include/StepMesh-Bridging.h";
				ASSETCATALOG_COMPILER_APPICON_NAME = AppIcon;
				ASSETCATALOG_COMPILER_GLOBAL_ACCENT_COLOR_NAME = AccentColor;
				CODE_SIGN_STYLE = Automatic;
				COMBINE_HIDPI_IMAGES = YES;
				CURRENT_PROJECT_VERSION = 1;
				ENABLE_APP_SANDBOX = NO;
				ENABLE_PREVIEWS = YES;
				ENABLE_USER_SELECTED_FILES = readonly;
				EXCLUDED_SOURCE_FILE_NAMES = (
					"*Info.plist",
					"*.entitlements",
				);
				GENERATE_INFOPLIST_FILE = NO;
				INFOPLIST_FILE = Pathstitch/Info.plist;
				INFOPLIST_KEY_NSHumanReadableCopyright = "";
				LD_RUNPATH_SEARCH_PATHS = (
					"$(inherited)",
					"@executable_path/../Frameworks",
				);
				MACOSX_DEPLOYMENT_TARGET = 14.0;
				MARKETING_VERSION = 1.0;
				PRODUCT_BUNDLE_IDENTIFIER = com.chen.Pathstitch;
				PRODUCT_NAME = "$(TARGET_NAME)";
				REGISTER_APP_GROUPS = YES;
				STRING_CATALOG_GENERATE_SYMBOLS = YES;
				SWIFT_APPROACHABLE_CONCURRENCY = YES;
				SWIFT_DEFAULT_ACTOR_ISOLATION = MainActor;
				SWIFT_EMIT_LOC_STRINGS = YES;
				SWIFT_UPCOMING_FEATURE_MEMBER_IMPORT_VISIBILITY = YES;
				SWIFT_VERSION = 5.0;
			};
			name = Release;
		};
		74B6C7F32FD0B15E0025AB94 /* Debug */ = {
			isa = XCBuildConfiguration;
			buildSettings = {
				CODE_SIGN_STYLE = Automatic;
				PRODUCT_NAME = "$(TARGET_NAME)";
				SWIFT_APPROACHABLE_CONCURRENCY = YES;
				SWIFT_UPCOMING_FEATURE_MEMBER_IMPORT_VISIBILITY = YES;
				SWIFT_VERSION = 5.0;
			};
			name = Debug;
		};
		74B6C7F42FD0B15E0025AB94 /* Release */ = {
			isa = XCBuildConfiguration;
			buildSettings = {
				CODE_SIGN_STYLE = Automatic;
				PRODUCT_NAME = "$(TARGET_NAME)";
				SWIFT_APPROACHABLE_CONCURRENCY = YES;
				SWIFT_UPCOMING_FEATURE_MEMBER_IMPORT_VISIBILITY = YES;
				SWIFT_VERSION = 5.0;
			};
			name = Release;
		};
		74B6C8102FD0B0DF0025AB94 /* Debug */ = {
			isa = XCBuildConfiguration;
			buildSettings = {
				LIBRARY_SEARCH_PATHS = (
					"$(inherited)",
					"$(SRCROOT)/../native/step_mesh/lib",
				);
				OTHER_LDFLAGS = (
					"$(inherited)",
					"-lstep_mesh",
				);
				SWIFT_OBJC_BRIDGING_HEADER = "$(SRCROOT)/../native/step_mesh/include/StepMesh-Bridging.h";
				CODE_SIGN_ENTITLEMENTS = DxfPreviewer/DxfPreviewer.entitlements;
				CODE_SIGN_STYLE = Automatic;
				CURRENT_PROJECT_VERSION = 1;
				ENABLE_APP_SANDBOX = YES;
				EXCLUDED_SOURCE_FILE_NAMES = (
					"*Info.plist",
					"*.entitlements",
				);
				GENERATE_INFOPLIST_FILE = YES;
				INFOPLIST_FILE = DxfPreviewer/Info.plist;
				INFOPLIST_KEY_CFBundleDisplayName = DxfPreviewer;
				INFOPLIST_KEY_NSHumanReadableCopyright = "";
				LD_RUNPATH_SEARCH_PATHS = (
					"$(inherited)",
					"@executable_path/../Frameworks",
					"@executable_path/../../../../Frameworks",
				);
				MACOSX_DEPLOYMENT_TARGET = 14.0;
				MARKETING_VERSION = 1.0;
				PRODUCT_BUNDLE_IDENTIFIER = com.chen.Pathstitch.DxfPreviewer;
				PRODUCT_NAME = "$(TARGET_NAME)";
				SKIP_INSTALL = YES;
				SWIFT_APPROACHABLE_CONCURRENCY = YES;
				SWIFT_UPCOMING_FEATURE_MEMBER_IMPORT_VISIBILITY = YES;
				SWIFT_VERSION = 5.0;
			};
			name = Debug;
		};
		74B6C8112FD0B0DF0025AB94 /* Release */ = {
			isa = XCBuildConfiguration;
			buildSettings = {
				LIBRARY_SEARCH_PATHS = (
					"$(inherited)",
					"$(SRCROOT)/../native/step_mesh/lib",
				);
				OTHER_LDFLAGS = (
					"$(inherited)",
					"-lstep_mesh",
				);
				SWIFT_OBJC_BRIDGING_HEADER = "$(SRCROOT)/../native/step_mesh/include/StepMesh-Bridging.h";
				CODE_SIGN_ENTITLEMENTS = DxfPreviewer/DxfPreviewer.entitlements;
				CODE_SIGN_STYLE = Automatic;
				CURRENT_PROJECT_VERSION = 1;
				ENABLE_APP_SANDBOX = YES;
				EXCLUDED_SOURCE_FILE_NAMES = (
					"*Info.plist",
					"*.entitlements",
				);
				GENERATE_INFOPLIST_FILE = YES;
				INFOPLIST_FILE = DxfPreviewer/Info.plist;
				INFOPLIST_KEY_CFBundleDisplayName = DxfPreviewer;
				INFOPLIST_KEY_NSHumanReadableCopyright = "";
				LD_RUNPATH_SEARCH_PATHS = (
					"$(inherited)",
					"@executable_path/../Frameworks",
					"@executable_path/../../../../Frameworks",
				);
				MACOSX_DEPLOYMENT_TARGET = 14.0;
				MARKETING_VERSION = 1.0;
				PRODUCT_BUNDLE_IDENTIFIER = com.chen.Pathstitch.DxfPreviewer;
				PRODUCT_NAME = "$(TARGET_NAME)";
				SKIP_INSTALL = YES;
				SWIFT_APPROACHABLE_CONCURRENCY = YES;
				SWIFT_UPCOMING_FEATURE_MEMBER_IMPORT_VISIBILITY = YES;
				SWIFT_VERSION = 5.0;
			};
			name = Release;
		};
		74B7C8102FD0B0DF0025AB94 /* Debug */ = {
			isa = XCBuildConfiguration;
			buildSettings = {
				LIBRARY_SEARCH_PATHS = (
					"$(inherited)",
					"$(SRCROOT)/../native/step_mesh/lib",
				);
				OTHER_LDFLAGS = (
					"$(inherited)",
					"-lstep_mesh",
				);
				SWIFT_OBJC_BRIDGING_HEADER = "$(SRCROOT)/../native/step_mesh/include/StepMesh-Bridging.h";
				CODE_SIGN_ENTITLEMENTS = PathstitchThumbnail/PathstitchThumbnail.entitlements;
				CODE_SIGN_STYLE = Automatic;
				CURRENT_PROJECT_VERSION = 1;
				ENABLE_APP_SANDBOX = YES;
				EXCLUDED_SOURCE_FILE_NAMES = (
					"*Info.plist",
					"*.entitlements",
				);
				GENERATE_INFOPLIST_FILE = YES;
				INFOPLIST_FILE = PathstitchThumbnail/Info.plist;
				INFOPLIST_KEY_CFBundleDisplayName = PathstitchThumbnail;
				INFOPLIST_KEY_NSHumanReadableCopyright = "";
				LD_RUNPATH_SEARCH_PATHS = (
					"$(inherited)",
					"@executable_path/../Frameworks",
					"@executable_path/../../../../Frameworks",
				);
				MACOSX_DEPLOYMENT_TARGET = 14.0;
				MARKETING_VERSION = 1.0;
				PRODUCT_BUNDLE_IDENTIFIER = com.chen.Pathstitch.PathstitchThumbnail;
				PRODUCT_NAME = "$(TARGET_NAME)";
				SKIP_INSTALL = YES;
				SWIFT_APPROACHABLE_CONCURRENCY = YES;
				SWIFT_UPCOMING_FEATURE_MEMBER_IMPORT_VISIBILITY = YES;
				SWIFT_VERSION = 5.0;
			};
			name = Debug;
		};
		74B7C8112FD0B0DF0025AB94 /* Release */ = {
			isa = XCBuildConfiguration;
			buildSettings = {
				LIBRARY_SEARCH_PATHS = (
					"$(inherited)",
					"$(SRCROOT)/../native/step_mesh/lib",
				);
				OTHER_LDFLAGS = (
					"$(inherited)",
					"-lstep_mesh",
				);
				SWIFT_OBJC_BRIDGING_HEADER = "$(SRCROOT)/../native/step_mesh/include/StepMesh-Bridging.h";
				CODE_SIGN_ENTITLEMENTS = PathstitchThumbnail/PathstitchThumbnail.entitlements;
				CODE_SIGN_STYLE = Automatic;
				CURRENT_PROJECT_VERSION = 1;
				ENABLE_APP_SANDBOX = YES;
				EXCLUDED_SOURCE_FILE_NAMES = (
					"*Info.plist",
					"*.entitlements",
				);
				GENERATE_INFOPLIST_FILE = YES;
				INFOPLIST_FILE = PathstitchThumbnail/Info.plist;
				INFOPLIST_KEY_CFBundleDisplayName = PathstitchThumbnail;
				INFOPLIST_KEY_NSHumanReadableCopyright = "";
				LD_RUNPATH_SEARCH_PATHS = (
					"$(inherited)",
					"@executable_path/../Frameworks",
					"@executable_path/../../../../Frameworks",
				);
				MACOSX_DEPLOYMENT_TARGET = 14.0;
				MARKETING_VERSION = 1.0;
				PRODUCT_BUNDLE_IDENTIFIER = com.chen.Pathstitch.PathstitchThumbnail;
				PRODUCT_NAME = "$(TARGET_NAME)";
				SKIP_INSTALL = YES;
				SWIFT_APPROACHABLE_CONCURRENCY = YES;
				SWIFT_UPCOMING_FEATURE_MEMBER_IMPORT_VISIBILITY = YES;
				SWIFT_VERSION = 5.0;
			};
			name = Release;
		};
/* End XCBuildConfiguration section */

/* Begin XCConfigurationList section */
		74B6C7D72FD0B0DF0025AB94 /* Build configuration list for PBXProject "Pathstitch" */ = {
			isa = XCConfigurationList;
			buildConfigurations = (
				74B6C7E52FD0B0E00025AB94 /* Debug */,
				74B6C7E62FD0B0E00025AB94 /* Release */,
			);
			defaultConfigurationIsVisible = 0;
			defaultConfigurationName = Release;
		};
		74B6C7E72FD0B0E00025AB94 /* Build configuration list for PBXNativeTarget "Pathstitch" */ = {
			isa = XCConfigurationList;
			buildConfigurations = (
				74B6C7E82FD0B0E00025AB94 /* Debug */,
				74B6C7E92FD0B0E00025AB94 /* Release */,
			);
			defaultConfigurationIsVisible = 0;
			defaultConfigurationName = Release;
		};
		74B6C7F22FD0B15E0025AB94 /* Build configuration list for PBXNativeTarget "PathstitchCLITest" */ = {
			isa = XCConfigurationList;
			buildConfigurations = (
				74B6C7F32FD0B15E0025AB94 /* Debug */,
				74B6C7F42FD0B15E0025AB94 /* Release */,
			);
			defaultConfigurationIsVisible = 0;
			defaultConfigurationName = Release;
		};
		74B6C8122FD0B0DF0025AB94 /* Build configuration list for PBXNativeTarget "DxfPreviewer" */ = {
			isa = XCConfigurationList;
			buildConfigurations = (
				74B6C8102FD0B0DF0025AB94 /* Debug */,
				74B6C8112FD0B0DF0025AB94 /* Release */,
			);
			defaultConfigurationIsVisible = 0;
			defaultConfigurationName = Release;
		};
		74B7C8122FD0B0DF0025AB94 /* Build configuration list for PBXNativeTarget "PathstitchThumbnail" */ = {
			isa = XCConfigurationList;
			buildConfigurations = (
				74B7C8102FD0B0DF0025AB94 /* Debug */,
				74B7C8112FD0B0DF0025AB94 /* Release */,
			);
			defaultConfigurationIsVisible = 0;
			defaultConfigurationName = Release;
		};
/* End XCConfigurationList section */

/* Begin XCRemoteSwiftPackageReference section */
		5A0000000000000000000001 /* XCRemoteSwiftPackageReference "Sparkle" */ = {
			isa = XCRemoteSwiftPackageReference;
			repositoryURL = "https://github.com/sparkle-project/Sparkle";
			requirement = {
				kind = upToNextMajorVersion;
				minimumVersion = 2.6.0;
			};
		};
		B95E5C74840F45C3649B2D61 /* XCRemoteSwiftPackageReference "ZIPFoundation" */ = {
			isa = XCRemoteSwiftPackageReference;
			repositoryURL = "https://github.com/weichsel/ZIPFoundation";
			requirement = {
				kind = upToNextMajorVersion;
				minimumVersion = 0.9.19;
			};
		};
/* End XCRemoteSwiftPackageReference section */

/* Begin XCSwiftPackageProductDependency section */
		340761E66F24C26A57C2A6F6 /* ZIPFoundation */ = {
			isa = XCSwiftPackageProductDependency;
			package = B95E5C74840F45C3649B2D61 /* XCRemoteSwiftPackageReference "ZIPFoundation" */;
			productName = ZIPFoundation;
		};
		5A0000000000000000000002 /* Sparkle */ = {
			isa = XCSwiftPackageProductDependency;
			package = 5A0000000000000000000001 /* XCRemoteSwiftPackageReference "Sparkle" */;
			productName = Sparkle;
		};
/* End XCSwiftPackageProductDependency section */
	};
	rootObject = 74B6C7D42FD0B0DF0025AB94 /* Project object */;
}
